
Microsoft Visual Studio Solution File, Format Version 12.00
# Visual Studio Version 17
VisualStudioVersion = 17.3.32929.385
MinimumVisualStudioVersion = 10.0.40219.1
Project("{FAE04EC0-301F-11D3-BF4B-00C04F79EFBC}") = "DeploymentAppWithDb", "DeploymentAppWithDb\DeploymentAppWithDb.csproj", "{542EDF4C-4B34-4517-B5CD-A4880D32CCCC}"
EndProject
Global
	GlobalSection(SolutionConfigurationPlatforms) = preSolution
		Debug|Any CPU = Debug|Any CPU
		Release|Any CPU = Release|Any CPU
	EndGlobalSection
	GlobalSection(ProjectConfigurationPlatforms) = postSolution
		{542EDF4C-4B34-4517-B5CD-A4880D32CCCC}.Debug|Any CPU.ActiveCfg = Debug|Any CPU
		{542EDF4C-4B34-4517-B5CD-A4880D32CCCC}.Debug|Any CPU.Build.0 = Debug|Any CPU
		{542EDF4C-4B34-4517-B5CD-A4880D32CCCC}.Release|Any CPU.ActiveCfg = Release|Any CPU
		{542EDF4C-4B34-4517-B5CD-A4880D32CCCC}.Release|Any CPU.Build.0 = Release|Any CPU
	EndGlobalSection
	GlobalSection(SolutionProperties) = preSolution
		HideSolutionNode = FALSE
	EndGlobalSection
	GlobalSection(ExtensibilityGlobals) = postSolution
		SolutionGuid = {9D5C63FF-25B8-44F9-B930-0AA101A0451A}
	EndGlobalSection
EndGlobal
